{
  "version": 1,
  "dependencies": {
    "net8.0-windows7.0": {
      "Dalamud.DrunkenToad": {
        "type": "Direct",
        "requested": "[1.9.1, )",
        "resolved": "1.9.1",
        "contentHash": "5zdxW6elHRCP2G+4osdBrWe+8AyQrr6lFP/AlYYi1apuLSZAE9CK9/qCTm0NcFhAThfjNhYSRi4n9icOjDdu4w==",
        "dependencies": {
          "Dalamud.Loc": "1.1.2",
          "Microsoft.Extensions.DependencyInjection": "7.0.0"
        }
      },
      "DalamudPackager": {
        "type": "Direct",
        "requested": "[11.0.0, )",
        "resolved": "11.0.0",
        "contentHash": "bjT7XUlhIJSmsE/O76b7weUX+evvGQctbQB8aKXt94o+oPWxHpCepxAGMs7Thow3AzCyqWs7cOpp9/2wcgRRQA=="
      },
      "Dalamud.Loc": {
        "type": "Transitive",
        "resolved": "1.1.2",
        "contentHash": "Sy7ooP1+mGtoCCPltgUNATz3UbnRFihVcDfg9wB2rdsfY5FDfCW/k3jpLZiJZc3xXHyttzwttJeVC3tE3JsEGw=="
      },
      "Microsoft.Extensions.DependencyInjection": {
        "type": "Transitive",
        "resolved": "7.0.0",
        "contentHash": "elNeOmkeX3eDVG6pYVeV82p29hr+UKDaBhrZyWvWLw/EVZSYEkZlQdkp0V39k/Xehs2Qa0mvoCvkVj3eQxNQ1Q==",
        "dependencies": {
          "Microsoft.Extensions.DependencyInjection.Abstractions": "7.0.0"
        }
      },
      "Microsoft.Extensions.DependencyInjection.Abstractions": {
        "type": "Transitive",
        "resolved": "7.0.0",
        "contentHash": "h3j/QfmFN4S0w4C2A6X7arXij/M/OVw3uQHSOFxnND4DyAzO1F9eMX7Eti7lU/OkSthEE0WzRsfT/Dmx86jzCw=="
      }
    }
  }
}